
Microsoft Visual Studio Solution File, Format Version 12.00
# Visual Studio 2013
VisualStudioVersion = 12.0.30501.0
MinimumVisualStudioVersion = 10.0.40219.1
Project("{FAE04EC0-301F-11D3-BF4B-00C04F79EFBC}") = "SkarplineChat.App", "SkarplineChat.App\SkarplineChat.App.csproj", "{C8C8EAEC-9BB2-4D75-9C9B-75C379404FD0}"
EndProject
Project("{FAE04EC0-301F-11D3-BF4B-00C04F79EFBC}") = "SkarplineChat.Model", "SkarplineChat.Model\SkarplineChat.Model.csproj", "{4DA23A47-3EAE-4B66-805C-8499F138E53A}"
EndProject
Project("{FAE04EC0-301F-11D3-BF4B-00C04F79EFBC}") = "SkarplineChat.Api", "SkarplineChat.Api\SkarplineChat.Api.csproj", "{88797C2C-A7F7-4296-8ABC-3DE31787F454}"
EndProject
Global
	GlobalSection(SolutionConfigurationPlatforms) = preSolution
		Debug|Any CPU = Debug|Any CPU
		Release|Any CPU = Release|Any CPU
	EndGlobalSection
	GlobalSection(ProjectConfigurationPlatforms) = postSolution
		{C8C8EAEC-9BB2-4D75-9C9B-75C379404FD0}.Debug|Any CPU.ActiveCfg = Debug|Any CPU
		{C8C8EAEC-9BB2-4D75-9C9B-75C379404FD0}.Debug|Any CPU.Build.0 = Debug|Any CPU
		{C8C8EAEC-9BB2-4D75-9C9B-75C379404FD0}.Release|Any CPU.ActiveCfg = Release|Any CPU
		{C8C8EAEC-9BB2-4D75-9C9B-75C379404FD0}.Release|Any CPU.Build.0 = Release|Any CPU
		{4DA23A47-3EAE-4B66-805C-8499F138E53A}.Debug|Any CPU.ActiveCfg = Debug|Any CPU
		{4DA23A47-3EAE-4B66-805C-8499F138E53A}.Debug|Any CPU.Build.0 = Debug|Any CPU
		{4DA23A47-3EAE-4B66-805C-8499F138E53A}.Release|Any CPU.ActiveCfg = Release|Any CPU
		{4DA23A47-3EAE-4B66-805C-8499F138E53A}.Release|Any CPU.Build.0 = Release|Any CPU
		{88797C2C-A7F7-4296-8ABC-3DE31787F454}.Debug|Any CPU.ActiveCfg = Debug|Any CPU
		{88797C2C-A7F7-4296-8ABC-3DE31787F454}.Debug|Any CPU.Build.0 = Debug|Any CPU
		{88797C2C-A7F7-4296-8ABC-3DE31787F454}.Release|Any CPU.ActiveCfg = Release|Any CPU
		{88797C2C-A7F7-4296-8ABC-3DE31787F454}.Release|Any CPU.Build.0 = Release|Any CPU
	EndGlobalSection
	GlobalSection(SolutionProperties) = preSolution
		HideSolutionNode = FALSE
	EndGlobalSection
EndGlobal
